
Microsoft Visual Studio Solution File, Format Version 12.00
# Visual Studio Version 16
VisualStudioVersion = 16.0.30804.86
MinimumVisualStudioVersion = 10.0.40219.1
Project("{2150E333-8FDC-42A3-9474-1A3956D46DE8}") = "CustomerDashboard", "CustomerDashboard", "{3C4CAA6C-E623-46BF-9F07-363E35978497}"
EndProject
Project("{9A19103F-16F7-4668-BE54-9A1E7A4F7556}") = "ClkTeknoloji.CustomerDashboard", "ClkTeknoloji.CustomerDashboard\ClkTeknoloji.CustomerDashboard\ClkTeknoloji.CustomerDashboard.csproj", "{BB9EA95C-DAA5-486A-B967-6C5425844F56}"
EndProject
Project("{FAE04EC0-301F-11D3-BF4B-00C04F79EFBC}") = "ClkTeknoloji.CustomerDashboard.Android", "ClkTeknoloji.CustomerDashboard\ClkTeknoloji.CustomerDashboard.Android\ClkTeknoloji.CustomerDashboard.Android.csproj", "{BE2009FB-E0BD-4A1E-AB8E-012692CBC9C5}"
EndProject
Project("{9A19103F-16F7-4668-BE54-9A1E7A4F7556}") = "ClkTeknoloji.CustomerDashboard.Windows", "ClkTeknoloji.CustomerDashboard\ClkTeknoloji.CustomerDashboard.Windows\ClkTeknoloji.CustomerDashboard.Windows.csproj", "{9C51F2BE-C358-4333-9554-B893FFD5ABD3}"
EndProject
Project("{9A19103F-16F7-4668-BE54-9A1E7A4F7556}") = "ClkTeknoloji.Server.Data", "ClkTeknoloji.Server.Data\ClkTeknoloji.Server.Data.csproj", "{ECBE966A-B32D-423E-A9FD-70E15C872568}"
EndProject
Project("{9A19103F-16F7-4668-BE54-9A1E7A4F7556}") = "ClkTeknoloji.Shared.Service", "ClkTeknoloji.Shared.Service\ClkTeknoloji.Shared.Service.csproj", "{3FFE25DF-6ED4-43A2-9B9C-E42102DDBCF3}"
EndProject
Project("{9A19103F-16F7-4668-BE54-9A1E7A4F7556}") = "ClkTeknoloji.Shared", "ClkTeknoloji.Shared\ClkTeknoloji.Shared.csproj", "{99DFDCFA-4DBF-43FA-9454-C3123E6B8D48}"
EndProject
Project("{9A19103F-16F7-4668-BE54-9A1E7A4F7556}") = "ClkTeknoloji.CustomerDashboard.WebUI.Server", "ClkTeknoloji.CustomerDashboard\ClkTeknoloji.CustomerDashboard.WebUI\Server\ClkTeknoloji.CustomerDashboard.WebUI.Server.csproj", "{9CC3B955-4CAA-4BA6-AA6F-B0865F8A3938}"
EndProject
Project("{9A19103F-16F7-4668-BE54-9A1E7A4F7556}") = "ClkTeknoloji.CustomerDashboard.WebUI.Client", "ClkTeknoloji.CustomerDashboard\ClkTeknoloji.CustomerDashboard.WebUI\Client\ClkTeknoloji.CustomerDashboard.WebUI.Client.csproj", "{AB6B4672-97B4-42D3-A477-FE8D4BE6412F}"
EndProject
Project("{FAE04EC0-301F-11D3-BF4B-00C04F79EFBC}") = "ClkTeknoloji.CustomerDashboard.iOS", "ClkTeknoloji.CustomerDashboard\ClkTeknoloji.CustomerDashboard.iOS\ClkTeknoloji.CustomerDashboard.iOS.csproj", "{33B55B01-7D2A-49B6-B955-2926D7D63C75}"
EndProject
Global
	GlobalSection(SolutionConfigurationPlatforms) = preSolution
		Debug|Any CPU = Debug|Any CPU
		Debug|iPhone = Debug|iPhone
		Debug|iPhoneSimulator = Debug|iPhoneSimulator
		Release|Any CPU = Release|Any CPU
		Release|iPhone = Release|iPhone
		Release|iPhoneSimulator = Release|iPhoneSimulator
	EndGlobalSection
	GlobalSection(ProjectConfigurationPlatforms) = postSolution
		{BB9EA95C-DAA5-486A-B967-6C5425844F56}.Debug|Any CPU.ActiveCfg = Debug|Any CPU
		{BB9EA95C-DAA5-486A-B967-6C5425844F56}.Debug|Any CPU.Build.0 = Debug|Any CPU
		{BB9EA95C-DAA5-486A-B967-6C5425844F56}.Debug|iPhone.ActiveCfg = Debug|Any CPU
		{BB9EA95C-DAA5-486A-B967-6C5425844F56}.Debug|iPhone.Build.0 = Debug|Any CPU
		{BB9EA95C-DAA5-486A-B967-6C5425844F56}.Debug|iPhoneSimulator.ActiveCfg = Debug|Any CPU
		{BB9EA95C-DAA5-486A-B967-6C5425844F56}.Debug|iPhoneSimulator.Build.0 = Debug|Any CPU
		{BB9EA95C-DAA5-486A-B967-6C5425844F56}.Release|Any CPU.ActiveCfg = Release|Any CPU
		{BB9EA95C-DAA5-486A-B967-6C5425844F56}.Release|Any CPU.Build.0 = Release|Any CPU
		{BB9EA95C-DAA5-486A-B967-6C5425844F56}.Release|iPhone.ActiveCfg = Release|Any CPU
		{BB9EA95C-DAA5-486A-B967-6C5425844F56}.Release|iPhone.Build.0 = Release|Any CPU
		{BB9EA95C-DAA5-486A-B967-6C5425844F56}.Release|iPhoneSimulator.ActiveCfg = Release|Any CPU
		{BB9EA95C-DAA5-486A-B967-6C5425844F56}.Release|iPhoneSimulator.Build.0 = Release|Any CPU
		{BE2009FB-E0BD-4A1E-AB8E-012692CBC9C5}.Debug|Any CPU.ActiveCfg = Debug|Any CPU
		{BE2009FB-E0BD-4A1E-AB8E-012692CBC9C5}.Debug|Any CPU.Build.0 = Debug|Any CPU
		{BE2009FB-E0BD-4A1E-AB8E-012692CBC9C5}.Debug|Any CPU.Deploy.0 = Debug|Any CPU
		{BE2009FB-E0BD-4A1E-AB8E-012692CBC9C5}.Debug|iPhone.ActiveCfg = Debug|Any CPU
		{BE2009FB-E0BD-4A1E-AB8E-012692CBC9C5}.Debug|iPhone.Build.0 = Debug|Any CPU
		{BE2009FB-E0BD-4A1E-AB8E-012692CBC9C5}.Debug|iPhone.Deploy.0 = Debug|Any CPU
		{BE2009FB-E0BD-4A1E-AB8E-012692CBC9C5}.Debug|iPhoneSimulator.ActiveCfg = Debug|Any CPU
		{BE2009FB-E0BD-4A1E-AB8E-012692CBC9C5}.Debug|iPhoneSimulator.Build.0 = Debug|Any CPU
		{BE2009FB-E0BD-4A1E-AB8E-012692CBC9C5}.Debug|iPhoneSimulator.Deploy.0 = Debug|Any CPU
		{BE2009FB-E0BD-4A1E-AB8E-012692CBC9C5}.Release|Any CPU.ActiveCfg = Release|Any CPU
		{BE2009FB-E0BD-4A1E-AB8E-012692CBC9C5}.Release|Any CPU.Build.0 = Release|Any CPU
		{BE2009FB-E0BD-4A1E-AB8E-012692CBC9C5}.Release|Any CPU.Deploy.0 = Release|Any CPU
		{BE2009FB-E0BD-4A1E-AB8E-012692CBC9C5}.Release|iPhone.ActiveCfg = Release|Any CPU
		{BE2009FB-E0BD-4A1E-AB8E-012692CBC9C5}.Release|iPhone.Build.0 = Release|Any CPU
		{BE2009FB-E0BD-4A1E-AB8E-012692CBC9C5}.Release|iPhone.Deploy.0 = Release|Any CPU
		{BE2009FB-E0BD-4A1E-AB8E-012692CBC9C5}.Release|iPhoneSimulator.ActiveCfg = Release|Any CPU
		{BE2009FB-E0BD-4A1E-AB8E-012692CBC9C5}.Release|iPhoneSimulator.Build.0 = Release|Any CPU
		{BE2009FB-E0BD-4A1E-AB8E-012692CBC9C5}.Release|iPhoneSimulator.Deploy.0 = Release|Any CPU
		{9C51F2BE-C358-4333-9554-B893FFD5ABD3}.Debug|Any CPU.ActiveCfg = Debug|Any CPU
		{9C51F2BE-C358-4333-9554-B893FFD5ABD3}.Debug|Any CPU.Build.0 = Debug|Any CPU
		{9C51F2BE-C358-4333-9554-B893FFD5ABD3}.Debug|iPhone.ActiveCfg = Debug|Any CPU
		{9C51F2BE-C358-4333-9554-B893FFD5ABD3}.Debug|iPhone.Build.0 = Debug|Any CPU
		{9C51F2BE-C358-4333-9554-B893FFD5ABD3}.Debug|iPhoneSimulator.ActiveCfg = Debug|Any CPU
		{9C51F2BE-C358-4333-9554-B893FFD5ABD3}.Debug|iPhoneSimulator.Build.0 = Debug|Any CPU
		{9C51F2BE-C358-4333-9554-B893FFD5ABD3}.Release|Any CPU.ActiveCfg = Release|Any CPU
		{9C51F2BE-C358-4333-9554-B893FFD5ABD3}.Release|Any CPU.Build.0 = Release|Any CPU
		{9C51F2BE-C358-4333-9554-B893FFD5ABD3}.Release|iPhone.ActiveCfg = Release|Any CPU
		{9C51F2BE-C358-4333-9554-B893FFD5ABD3}.Release|iPhone.Build.0 = Release|Any CPU
		{9C51F2BE-C358-4333-9554-B893FFD5ABD3}.Release|iPhoneSimulator.ActiveCfg = Release|Any CPU
		{9C51F2BE-C358-4333-9554-B893FFD5ABD3}.Release|iPhoneSimulator.Build.0 = Release|Any CPU
		{ECBE966A-B32D-423E-A9FD-70E15C872568}.Debug|Any CPU.ActiveCfg = Debug|Any CPU
		{ECBE966A-B32D-423E-A9FD-70E15C872568}.Debug|Any CPU.Build.0 = Debug|Any CPU
		{ECBE966A-B32D-423E-A9FD-70E15C872568}.Debug|iPhone.ActiveCfg = Debug|Any CPU
		{ECBE966A-B32D-423E-A9FD-70E15C872568}.Debug|iPhone.Build.0 = Debug|Any CPU
		{ECBE966A-B32D-423E-A9FD-70E15C872568}.Debug|iPhoneSimulator.ActiveCfg = Debug|Any CPU
		{ECBE966A-B32D-423E-A9FD-70E15C872568}.Debug|iPhoneSimulator.Build.0 = Debug|Any CPU
		{ECBE966A-B32D-423E-A9FD-70E15C872568}.Release|Any CPU.ActiveCfg = Release|Any CPU
		{ECBE966A-B32D-423E-A9FD-70E15C872568}.Release|Any CPU.Build.0 = Release|Any CPU
		{ECBE966A-B32D-423E-A9FD-70E15C872568}.Release|iPhone.ActiveCfg = Release|Any CPU
		{ECBE966A-B32D-423E-A9FD-70E15C872568}.Release|iPhone.Build.0 = Release|Any CPU
		{ECBE966A-B32D-423E-A9FD-70E15C872568}.Release|iPhoneSimulator.ActiveCfg = Release|Any CPU
		{ECBE966A-B32D-423E-A9FD-70E15C872568}.Release|iPhoneSimulator.Build.0 = Release|Any CPU
		{3FFE25DF-6ED4-43A2-9B9C-E42102DDBCF3}.Debug|Any CPU.ActiveCfg = Debug|Any CPU
		{3FFE25DF-6ED4-43A2-9B9C-E42102DDBCF3}.Debug|Any CPU.Build.0 = Debug|Any CPU
		{3FFE25DF-6ED4-43A2-9B9C-E42102DDBCF3}.Debug|iPhone.ActiveCfg = Debug|Any CPU
		{3FFE25DF-6ED4-43A2-9B9C-E42102DDBCF3}.Debug|iPhone.Build.0 = Debug|Any CPU
		{3FFE25DF-6ED4-43A2-9B9C-E42102DDBCF3}.Debug|iPhoneSimulator.ActiveCfg = Debug|Any CPU
		{3FFE25DF-6ED4-43A2-9B9C-E42102DDBCF3}.Debug|iPhoneSimulator.Build.0 = Debug|Any CPU
		{3FFE25DF-6ED4-43A2-9B9C-E42102DDBCF3}.Release|Any CPU.ActiveCfg = Release|Any CPU
		{3FFE25DF-6ED4-43A2-9B9C-E42102DDBCF3}.Release|Any CPU.Build.0 = Release|Any CPU
		{3FFE25DF-6ED4-43A2-9B9C-E42102DDBCF3}.Release|iPhone.ActiveCfg = Release|Any CPU
		{3FFE25DF-6ED4-43A2-9B9C-E42102DDBCF3}.Release|iPhone.Build.0 = Release|Any CPU
		{3FFE25DF-6ED4-43A2-9B9C-E42102DDBCF3}.Release|iPhoneSimulator.ActiveCfg = Release|Any CPU
		{3FFE25DF-6ED4-43A2-9B9C-E42102DDBCF3}.Release|iPhoneSimulator.Build.0 = Release|Any CPU
		{99DFDCFA-4DBF-43FA-9454-C3123E6B8D48}.Debug|Any CPU.ActiveCfg = Debug|Any CPU
		{99DFDCFA-4DBF-43FA-9454-C3123E6B8D48}.Debug|Any CPU.Build.0 = Debug|Any CPU
		{99DFDCFA-4DBF-43FA-9454-C3123E6B8D48}.Debug|iPhone.ActiveCfg = Debug|Any CPU
		{99DFDCFA-4DBF-43FA-9454-C3123E6B8D48}.Debug|iPhone.Build.0 = Debug|Any CPU
		{99DFDCFA-4DBF-43FA-9454-C3123E6B8D48}.Debug|iPhoneSimulator.ActiveCfg = Debug|Any CPU
		{99DFDCFA-4DBF-43FA-9454-C3123E6B8D48}.Debug|iPhoneSimulator.Build.0 = Debug|Any CPU
		{99DFDCFA-4DBF-43FA-9454-C3123E6B8D48}.Release|Any CPU.ActiveCfg = Release|Any CPU
		{99DFDCFA-4DBF-43FA-9454-C3123E6B8D48}.Release|Any CPU.Build.0 = Release|Any CPU
		{99DFDCFA-4DBF-43FA-9454-C3123E6B8D48}.Release|iPhone.ActiveCfg = Release|Any CPU
		{99DFDCFA-4DBF-43FA-9454-C3123E6B8D48}.Release|iPhone.Build.0 = Release|Any CPU
		{99DFDCFA-4DBF-43FA-9454-C3123E6B8D48}.Release|iPhoneSimulator.ActiveCfg = Release|Any CPU
		{99DFDCFA-4DBF-43FA-9454-C3123E6B8D48}.Release|iPhoneSimulator.Build.0 = Release|Any CPU
		{9CC3B955-4CAA-4BA6-AA6F-B0865F8A3938}.Debug|Any CPU.ActiveCfg = Debug|Any CPU
		{9CC3B955-4CAA-4BA6-AA6F-B0865F8A3938}.Debug|Any CPU.Build.0 = Debug|Any CPU
		{9CC3B955-4CAA-4BA6-AA6F-B0865F8A3938}.Debug|iPhone.ActiveCfg = Debug|Any CPU
		{9CC3B955-4CAA-4BA6-AA6F-B0865F8A3938}.Debug|iPhone.Build.0 = Debug|Any CPU
		{9CC3B955-4CAA-4BA6-AA6F-B0865F8A3938}.Debug|iPhoneSimulator.ActiveCfg = Debug|Any CPU
		{9CC3B955-4CAA-4BA6-AA6F-B0865F8A3938}.Debug|iPhoneSimulator.Build.0 = Debug|Any CPU
		{9CC3B955-4CAA-4BA6-AA6F-B0865F8A3938}.Release|Any CPU.ActiveCfg = Release|Any CPU
		{9CC3B955-4CAA-4BA6-AA6F-B0865F8A3938}.Release|Any CPU.Build.0 = Release|Any CPU
		{9CC3B955-4CAA-4BA6-AA6F-B0865F8A3938}.Release|iPhone.ActiveCfg = Release|Any CPU
		{9CC3B955-4CAA-4BA6-AA6F-B0865F8A3938}.Release|iPhone.Build.0 = Release|Any CPU
		{9CC3B955-4CAA-4BA6-AA6F-B0865F8A3938}.Release|iPhoneSimulator.ActiveCfg = Release|Any CPU
		{9CC3B955-4CAA-4BA6-AA6F-B0865F8A3938}.Release|iPhoneSimulator.Build.0 = Release|Any CPU
		{AB6B4672-97B4-42D3-A477-FE8D4BE6412F}.Debug|Any CPU.ActiveCfg = Debug|Any CPU
		{AB6B4672-97B4-42D3-A477-FE8D4BE6412F}.Debug|Any CPU.Build.0 = Debug|Any CPU
		{AB6B4672-97B4-42D3-A477-FE8D4BE6412F}.Debug|iPhone.ActiveCfg = Debug|Any CPU
		{AB6B4672-97B4-42D3-A477-FE8D4BE6412F}.Debug|iPhone.Build.0 = Debug|Any CPU
		{AB6B4672-97B4-42D3-A477-FE8D4BE6412F}.Debug|iPhoneSimulator.ActiveCfg = Debug|Any CPU
		{AB6B4672-97B4-42D3-A477-FE8D4BE6412F}.Debug|iPhoneSimulator.Build.0 = Debug|Any CPU
		{AB6B4672-97B4-42D3-A477-FE8D4BE6412F}.Release|Any CPU.ActiveCfg = Release|Any CPU
		{AB6B4672-97B4-42D3-A477-FE8D4BE6412F}.Release|Any CPU.Build.0 = Release|Any CPU
		{AB6B4672-97B4-42D3-A477-FE8D4BE6412F}.Release|iPhone.ActiveCfg = Release|Any CPU
		{AB6B4672-97B4-42D3-A477-FE8D4BE6412F}.Release|iPhone.Build.0 = Release|Any CPU
		{AB6B4672-97B4-42D3-A477-FE8D4BE6412F}.Release|iPhoneSimulator.ActiveCfg = Release|Any CPU
		{AB6B4672-97B4-42D3-A477-FE8D4BE6412F}.Release|iPhoneSimulator.Build.0 = Release|Any CPU
		{33B55B01-7D2A-49B6-B955-2926D7D63C75}.Debug|Any CPU.ActiveCfg = Debug|iPhoneSimulator
		{33B55B01-7D2A-49B6-B955-2926D7D63C75}.Debug|iPhone.ActiveCfg = Debug|iPhone
		{33B55B01-7D2A-49B6-B955-2926D7D63C75}.Debug|iPhone.Build.0 = Debug|iPhone
		{33B55B01-7D2A-49B6-B955-2926D7D63C75}.Debug|iPhoneSimulator.ActiveCfg = Debug|iPhoneSimulator
		{33B55B01-7D2A-49B6-B955-2926D7D63C75}.Debug|iPhoneSimulator.Build.0 = Debug|iPhoneSimulator
		{33B55B01-7D2A-49B6-B955-2926D7D63C75}.Release|Any CPU.ActiveCfg = Release|iPhoneSimulator
		{33B55B01-7D2A-49B6-B955-2926D7D63C75}.Release|iPhone.ActiveCfg = Release|iPhone
		{33B55B01-7D2A-49B6-B955-2926D7D63C75}.Release|iPhone.Build.0 = Release|iPhone
		{33B55B01-7D2A-49B6-B955-2926D7D63C75}.Release|iPhoneSimulator.ActiveCfg = Release|iPhoneSimulator
		{33B55B01-7D2A-49B6-B955-2926D7D63C75}.Release|iPhoneSimulator.Build.0 = Release|iPhoneSimulator
	EndGlobalSection
	GlobalSection(SolutionProperties) = preSolution
		HideSolutionNode = FALSE
	EndGlobalSection
	GlobalSection(NestedProjects) = preSolution
		{BB9EA95C-DAA5-486A-B967-6C5425844F56} = {3C4CAA6C-E623-46BF-9F07-363E35978497}
		{BE2009FB-E0BD-4A1E-AB8E-012692CBC9C5} = {3C4CAA6C-E623-46BF-9F07-363E35978497}
		{9C51F2BE-C358-4333-9554-B893FFD5ABD3} = {3C4CAA6C-E623-46BF-9F07-363E35978497}
		{9CC3B955-4CAA-4BA6-AA6F-B0865F8A3938} = {3C4CAA6C-E623-46BF-9F07-363E35978497}
		{AB6B4672-97B4-42D3-A477-FE8D4BE6412F} = {3C4CAA6C-E623-46BF-9F07-363E35978497}
		{33B55B01-7D2A-49B6-B955-2926D7D63C75} = {3C4CAA6C-E623-46BF-9F07-363E35978497}
	EndGlobalSection
	GlobalSection(ExtensibilityGlobals) = postSolution
		SolutionGuid = {8B0779E9-8842-47ED-B224-43682873BDDB}
	EndGlobalSection
EndGlobal
