Microsoft Visual Studio Solution File, Format Version 12.00
# Visual Studio Version 16
VisualStudioVersion = 16.0.0.0
MinimumVisualStudioVersion = 16.0.0.0
Project("{9A19103F-16F7-4668-BE54-9A1E7A4F7556}") = "ClkTeknoloji.CustomerDashboard", "ClkTeknoloji.CustomerDashboard\ClkTeknoloji.CustomerDashboard.csproj", "{A679EBFD-AE0C-473B-8171-1C7CAEC63A1E}"
EndProject
Project("{FAE04EC0-301F-11D3-BF4B-00C04F79EFBC}") = "ClkTeknoloji.CustomerDashboard.Android", "ClkTeknoloji.CustomerDashboard.Android\ClkTeknoloji.CustomerDashboard.Android.csproj", "{BE2009FB-E0BD-4A1E-AB8E-012692CBC9C5}"
EndProject
Project("{FAE04EC0-301F-11D3-BF4B-00C04F79EFBC}") = "ClkTeknoloji.CustomerDashboard.iOS", "ClkTeknoloji.CustomerDashboard.iOS\ClkTeknoloji.CustomerDashboard.iOS.csproj", "{33B55B01-7D2A-49B6-B955-2926D7D63C75}"
EndProject
Project("{9A19103F-16F7-4668-BE54-9A1E7A4F7556}") = "ClkTeknoloji.CustomerDashboard.Windows", "ClkTeknoloji.CustomerDashboard.Windows\ClkTeknoloji.CustomerDashboard.Windows.csproj", "{0DB90A78-0B03-4383-8C24-CFD7AD6E9E1D}"
EndProject
Project("{FAE04EC0-301F-11D3-BF4B-00C04F79EFBC}") = "ClkTeknoloji.CustomerDashboard.macOS", "ClkTeknoloji.CustomerDashboard.macOS\ClkTeknoloji.CustomerDashboard.macOS.csproj", "{910ACFA2-FA2D-40CE-BB8C-7A40D1638033}"
EndProject
Project("{FAE04EC0-301F-11D3-BF4B-00C04F79EFBC}") = "ClkTeknoloji.CustomerDashboard.Web", "ClkTeknoloji.CustomerDashboard.Web\ClkTeknoloji.CustomerDashboard.Web.csproj", "{93BA719B-8A2F-4600-837A-3B2731A4A5EF}"
EndProject
Global
	GlobalSection(SolutionConfigurationPlatforms) = preSolution
		Debug|Any CPU = Debug|Any CPU
		Debug|iPhone = Debug|iPhone
		Debug|iPhoneSimulator = Debug|iPhoneSimulator
		Debug|x64 = Debug|x64
		Debug|x86 = Debug|x86
		Release|Any CPU = Release|Any CPU
		Release|iPhone = Release|iPhone
		Release|iPhoneSimulator = Release|iPhoneSimulator
		Release|x64 = Release|x64
		Release|x86 = Release|x86
	EndGlobalSection
	GlobalSection(ProjectConfigurationPlatforms) = postSolution
		{A679EBFD-AE0C-473B-8171-1C7CAEC63A1E}.Debug|Any CPU.ActiveCfg = Debug|Any CPU
		{A679EBFD-AE0C-473B-8171-1C7CAEC63A1E}.Debug|Any CPU.Build.0 = Debug|Any CPU
		{A679EBFD-AE0C-473B-8171-1C7CAEC63A1E}.Debug|iPhone.ActiveCfg = Debug|Any CPU
		{A679EBFD-AE0C-473B-8171-1C7CAEC63A1E}.Debug|iPhone.Build.0 = Debug|Any CPU
		{A679EBFD-AE0C-473B-8171-1C7CAEC63A1E}.Debug|iPhoneSimulator.ActiveCfg = Debug|Any CPU
		{A679EBFD-AE0C-473B-8171-1C7CAEC63A1E}.Debug|iPhoneSimulator.Build.0 = Debug|Any CPU
		{A679EBFD-AE0C-473B-8171-1C7CAEC63A1E}.Debug|x64.ActiveCfg = Debug|Any CPU
		{A679EBFD-AE0C-473B-8171-1C7CAEC63A1E}.Debug|x64.Build.0 = Debug|Any CPU
		{A679EBFD-AE0C-473B-8171-1C7CAEC63A1E}.Debug|x86.ActiveCfg = Debug|Any CPU
		{A679EBFD-AE0C-473B-8171-1C7CAEC63A1E}.Debug|x86.Build.0 = Debug|Any CPU
		{A679EBFD-AE0C-473B-8171-1C7CAEC63A1E}.Release|Any CPU.ActiveCfg = Release|Any CPU
		{A679EBFD-AE0C-473B-8171-1C7CAEC63A1E}.Release|Any CPU.Build.0 = Release|Any CPU
		{A679EBFD-AE0C-473B-8171-1C7CAEC63A1E}.Release|iPhone.ActiveCfg = Release|Any CPU
		{A679EBFD-AE0C-473B-8171-1C7CAEC63A1E}.Release|iPhone.Build.0 = Release|Any CPU
		{A679EBFD-AE0C-473B-8171-1C7CAEC63A1E}.Release|iPhoneSimulator.ActiveCfg = Release|Any CPU
		{A679EBFD-AE0C-473B-8171-1C7CAEC63A1E}.Release|iPhoneSimulator.Build.0 = Release|Any CPU
		{A679EBFD-AE0C-473B-8171-1C7CAEC63A1E}.Release|x64.ActiveCfg = Release|Any CPU
		{A679EBFD-AE0C-473B-8171-1C7CAEC63A1E}.Release|x64.Build.0 = Release|Any CPU
		{A679EBFD-AE0C-473B-8171-1C7CAEC63A1E}.Release|x86.ActiveCfg = Release|Any CPU
		{A679EBFD-AE0C-473B-8171-1C7CAEC63A1E}.Release|x86.Build.0 = Release|Any CPU
		{BE2009FB-E0BD-4A1E-AB8E-012692CBC9C5}.Debug|Any CPU.ActiveCfg = Debug|Any CPU
		{BE2009FB-E0BD-4A1E-AB8E-012692CBC9C5}.Debug|Any CPU.Build.0 = Debug|Any CPU
		{BE2009FB-E0BD-4A1E-AB8E-012692CBC9C5}.Debug|Any CPU.Deploy.0 = Debug|Any CPU
		{BE2009FB-E0BD-4A1E-AB8E-012692CBC9C5}.Debug|iPhone.ActiveCfg = Debug|Any CPU
		{BE2009FB-E0BD-4A1E-AB8E-012692CBC9C5}.Debug|iPhone.Build.0 = Debug|Any CPU
		{BE2009FB-E0BD-4A1E-AB8E-012692CBC9C5}.Debug|iPhone.Deploy.0 = Debug|Any CPU
		{BE2009FB-E0BD-4A1E-AB8E-012692CBC9C5}.Debug|iPhoneSimulator.ActiveCfg = Debug|Any CPU
		{BE2009FB-E0BD-4A1E-AB8E-012692CBC9C5}.Debug|iPhoneSimulator.Build.0 = Debug|Any CPU
		{BE2009FB-E0BD-4A1E-AB8E-012692CBC9C5}.Debug|iPhoneSimulator.Deploy.0 = Debug|Any CPU
		{BE2009FB-E0BD-4A1E-AB8E-012692CBC9C5}.Debug|x64.ActiveCfg = Debug|Any CPU
		{BE2009FB-E0BD-4A1E-AB8E-012692CBC9C5}.Debug|x64.Build.0 = Debug|Any CPU
		{BE2009FB-E0BD-4A1E-AB8E-012692CBC9C5}.Debug|x64.Deploy.0 = Debug|Any CPU
		{BE2009FB-E0BD-4A1E-AB8E-012692CBC9C5}.Debug|x86.ActiveCfg = Debug|Any CPU
		{BE2009FB-E0BD-4A1E-AB8E-012692CBC9C5}.Debug|x86.Build.0 = Debug|Any CPU
		{BE2009FB-E0BD-4A1E-AB8E-012692CBC9C5}.Debug|x86.Deploy.0 = Debug|Any CPU
		{BE2009FB-E0BD-4A1E-AB8E-012692CBC9C5}.Release|Any CPU.ActiveCfg = Release|Any CPU
		{BE2009FB-E0BD-4A1E-AB8E-012692CBC9C5}.Release|Any CPU.Build.0 = Release|Any CPU
		{BE2009FB-E0BD-4A1E-AB8E-012692CBC9C5}.Release|Any CPU.Deploy.0 = Release|Any CPU
		{BE2009FB-E0BD-4A1E-AB8E-012692CBC9C5}.Release|iPhone.ActiveCfg = Release|Any CPU
		{BE2009FB-E0BD-4A1E-AB8E-012692CBC9C5}.Release|iPhone.Build.0 = Release|Any CPU
		{BE2009FB-E0BD-4A1E-AB8E-012692CBC9C5}.Release|iPhone.Deploy.0 = Release|Any CPU
		{BE2009FB-E0BD-4A1E-AB8E-012692CBC9C5}.Release|iPhoneSimulator.ActiveCfg = Release|Any CPU
		{BE2009FB-E0BD-4A1E-AB8E-012692CBC9C5}.Release|iPhoneSimulator.Build.0 = Release|Any CPU
		{BE2009FB-E0BD-4A1E-AB8E-012692CBC9C5}.Release|iPhoneSimulator.Deploy.0 = Release|Any CPU
		{BE2009FB-E0BD-4A1E-AB8E-012692CBC9C5}.Release|x64.ActiveCfg = Release|Any CPU
		{BE2009FB-E0BD-4A1E-AB8E-012692CBC9C5}.Release|x64.Build.0 = Release|Any CPU
		{BE2009FB-E0BD-4A1E-AB8E-012692CBC9C5}.Release|x64.Deploy.0 = Release|Any CPU
		{BE2009FB-E0BD-4A1E-AB8E-012692CBC9C5}.Release|x86.ActiveCfg = Release|Any CPU
		{BE2009FB-E0BD-4A1E-AB8E-012692CBC9C5}.Release|x86.Build.0 = Release|Any CPU
		{BE2009FB-E0BD-4A1E-AB8E-012692CBC9C5}.Release|x86.Deploy.0 = Release|Any CPU
		{33B55B01-7D2A-49B6-B955-2926D7D63C75}.Debug|Any CPU.ActiveCfg = Debug|iPhone
		{33B55B01-7D2A-49B6-B955-2926D7D63C75}.Debug|iPhone.ActiveCfg = Debug|iPhone
		{33B55B01-7D2A-49B6-B955-2926D7D63C75}.Debug|iPhone.Build.0 = Debug|iPhone
		{33B55B01-7D2A-49B6-B955-2926D7D63C75}.Debug|iPhoneSimulator.ActiveCfg = Debug|iPhoneSimulator
		{33B55B01-7D2A-49B6-B955-2926D7D63C75}.Debug|iPhoneSimulator.Build.0 = Debug|iPhoneSimulator
		{33B55B01-7D2A-49B6-B955-2926D7D63C75}.Debug|x64.ActiveCfg = Debug|iPhone
		{33B55B01-7D2A-49B6-B955-2926D7D63C75}.Debug|x86.ActiveCfg = Debug|iPhone
		{33B55B01-7D2A-49B6-B955-2926D7D63C75}.Release|Any CPU.ActiveCfg = Release|iPhone
		{33B55B01-7D2A-49B6-B955-2926D7D63C75}.Release|iPhone.ActiveCfg = Release|iPhone
		{33B55B01-7D2A-49B6-B955-2926D7D63C75}.Release|iPhone.Build.0 = Release|iPhone
		{33B55B01-7D2A-49B6-B955-2926D7D63C75}.Release|iPhoneSimulator.ActiveCfg = Release|iPhoneSimulator
		{33B55B01-7D2A-49B6-B955-2926D7D63C75}.Release|iPhoneSimulator.Build.0 = Release|iPhoneSimulator
		{33B55B01-7D2A-49B6-B955-2926D7D63C75}.Release|x64.ActiveCfg = Release|iPhone
		{33B55B01-7D2A-49B6-B955-2926D7D63C75}.Release|x86.ActiveCfg = Release|iPhone
		{0DB90A78-0B03-4383-8C24-CFD7AD6E9E1D}.Debug|Any CPU.ActiveCfg = Debug|Any CPU
		{0DB90A78-0B03-4383-8C24-CFD7AD6E9E1D}.Debug|Any CPU.Build.0 = Debug|Any CPU
		{0DB90A78-0B03-4383-8C24-CFD7AD6E9E1D}.Debug|iPhone.ActiveCfg = Debug|Any CPU
		{0DB90A78-0B03-4383-8C24-CFD7AD6E9E1D}.Debug|iPhone.Build.0 = Debug|Any CPU
		{0DB90A78-0B03-4383-8C24-CFD7AD6E9E1D}.Debug|iPhoneSimulator.ActiveCfg = Debug|Any CPU
		{0DB90A78-0B03-4383-8C24-CFD7AD6E9E1D}.Debug|iPhoneSimulator.Build.0 = Debug|Any CPU
		{0DB90A78-0B03-4383-8C24-CFD7AD6E9E1D}.Debug|x64.ActiveCfg = Debug|Any CPU
		{0DB90A78-0B03-4383-8C24-CFD7AD6E9E1D}.Debug|x64.Build.0 = Debug|Any CPU
		{0DB90A78-0B03-4383-8C24-CFD7AD6E9E1D}.Debug|x86.ActiveCfg = Debug|Any CPU
		{0DB90A78-0B03-4383-8C24-CFD7AD6E9E1D}.Debug|x86.Build.0 = Debug|Any CPU
		{0DB90A78-0B03-4383-8C24-CFD7AD6E9E1D}.Release|Any CPU.ActiveCfg = Release|Any CPU
		{0DB90A78-0B03-4383-8C24-CFD7AD6E9E1D}.Release|Any CPU.Build.0 = Release|Any CPU
		{0DB90A78-0B03-4383-8C24-CFD7AD6E9E1D}.Release|iPhone.ActiveCfg = Release|Any CPU
		{0DB90A78-0B03-4383-8C24-CFD7AD6E9E1D}.Release|iPhone.Build.0 = Release|Any CPU
		{0DB90A78-0B03-4383-8C24-CFD7AD6E9E1D}.Release|iPhoneSimulator.ActiveCfg = Release|Any CPU
		{0DB90A78-0B03-4383-8C24-CFD7AD6E9E1D}.Release|iPhoneSimulator.Build.0 = Release|Any CPU
		{0DB90A78-0B03-4383-8C24-CFD7AD6E9E1D}.Release|x64.ActiveCfg = Release|Any CPU
		{0DB90A78-0B03-4383-8C24-CFD7AD6E9E1D}.Release|x64.Build.0 = Release|Any CPU
		{0DB90A78-0B03-4383-8C24-CFD7AD6E9E1D}.Release|x86.ActiveCfg = Release|Any CPU
		{0DB90A78-0B03-4383-8C24-CFD7AD6E9E1D}.Release|x86.Build.0 = Release|Any CPU
		{910ACFA2-FA2D-40CE-BB8C-7A40D1638033}.Debug|Any CPU.ActiveCfg = Debug|Any CPU
		{910ACFA2-FA2D-40CE-BB8C-7A40D1638033}.Debug|Any CPU.Build.0 = Debug|Any CPU
		{910ACFA2-FA2D-40CE-BB8C-7A40D1638033}.Debug|iPhone.ActiveCfg = Debug|Any CPU
		{910ACFA2-FA2D-40CE-BB8C-7A40D1638033}.Debug|iPhone.Build.0 = Debug|Any CPU
		{910ACFA2-FA2D-40CE-BB8C-7A40D1638033}.Debug|iPhoneSimulator.ActiveCfg = Debug|Any CPU
		{910ACFA2-FA2D-40CE-BB8C-7A40D1638033}.Debug|iPhoneSimulator.Build.0 = Debug|Any CPU
		{910ACFA2-FA2D-40CE-BB8C-7A40D1638033}.Debug|x64.ActiveCfg = Debug|Any CPU
		{910ACFA2-FA2D-40CE-BB8C-7A40D1638033}.Debug|x64.Build.0 = Debug|Any CPU
		{910ACFA2-FA2D-40CE-BB8C-7A40D1638033}.Debug|x86.ActiveCfg = Debug|Any CPU
		{910ACFA2-FA2D-40CE-BB8C-7A40D1638033}.Debug|x86.Build.0 = Debug|Any CPU
		{910ACFA2-FA2D-40CE-BB8C-7A40D1638033}.Release|Any CPU.ActiveCfg = Release|Any CPU
		{910ACFA2-FA2D-40CE-BB8C-7A40D1638033}.Release|Any CPU.Build.0 = Release|Any CPU
		{910ACFA2-FA2D-40CE-BB8C-7A40D1638033}.Release|iPhone.ActiveCfg = Release|Any CPU
		{910ACFA2-FA2D-40CE-BB8C-7A40D1638033}.Release|iPhone.Build.0 = Release|Any CPU
		{910ACFA2-FA2D-40CE-BB8C-7A40D1638033}.Release|iPhoneSimulator.ActiveCfg = Release|Any CPU
		{910ACFA2-FA2D-40CE-BB8C-7A40D1638033}.Release|iPhoneSimulator.Build.0 = Release|Any CPU
		{910ACFA2-FA2D-40CE-BB8C-7A40D1638033}.Release|x64.ActiveCfg = Release|Any CPU
		{910ACFA2-FA2D-40CE-BB8C-7A40D1638033}.Release|x64.Build.0 = Release|Any CPU
		{910ACFA2-FA2D-40CE-BB8C-7A40D1638033}.Release|x86.ActiveCfg = Release|Any CPU
		{910ACFA2-FA2D-40CE-BB8C-7A40D1638033}.Release|x86.Build.0 = Release|Any CPU
		{93BA719B-8A2F-4600-837A-3B2731A4A5EF}.Debug|Any CPU.ActiveCfg = Debug|Any CPU
		{93BA719B-8A2F-4600-837A-3B2731A4A5EF}.Debug|Any CPU.Build.0 = Debug|Any CPU
		{93BA719B-8A2F-4600-837A-3B2731A4A5EF}.Debug|iPhone.ActiveCfg = Debug|Any CPU
		{93BA719B-8A2F-4600-837A-3B2731A4A5EF}.Debug|iPhone.Build.0 = Debug|Any CPU
		{93BA719B-8A2F-4600-837A-3B2731A4A5EF}.Debug|iPhoneSimulator.ActiveCfg = Debug|Any CPU
		{93BA719B-8A2F-4600-837A-3B2731A4A5EF}.Debug|iPhoneSimulator.Build.0 = Debug|Any CPU
		{93BA719B-8A2F-4600-837A-3B2731A4A5EF}.Debug|x64.ActiveCfg = Debug|Any CPU
		{93BA719B-8A2F-4600-837A-3B2731A4A5EF}.Debug|x64.Build.0 = Debug|Any CPU
		{93BA719B-8A2F-4600-837A-3B2731A4A5EF}.Debug|x86.ActiveCfg = Debug|Any CPU
		{93BA719B-8A2F-4600-837A-3B2731A4A5EF}.Debug|x86.Build.0 = Debug|Any CPU
		{93BA719B-8A2F-4600-837A-3B2731A4A5EF}.Release|Any CPU.ActiveCfg = Release|Any CPU
		{93BA719B-8A2F-4600-837A-3B2731A4A5EF}.Release|Any CPU.Build.0 = Release|Any CPU
		{93BA719B-8A2F-4600-837A-3B2731A4A5EF}.Release|iPhone.ActiveCfg = Release|Any CPU
		{93BA719B-8A2F-4600-837A-3B2731A4A5EF}.Release|iPhone.Build.0 = Release|Any CPU
		{93BA719B-8A2F-4600-837A-3B2731A4A5EF}.Release|iPhoneSimulator.ActiveCfg = Release|Any CPU
		{93BA719B-8A2F-4600-837A-3B2731A4A5EF}.Release|iPhoneSimulator.Build.0 = Release|Any CPU
		{93BA719B-8A2F-4600-837A-3B2731A4A5EF}.Release|x64.ActiveCfg = Release|Any CPU
		{93BA719B-8A2F-4600-837A-3B2731A4A5EF}.Release|x64.Build.0 = Release|Any CPU
		{93BA719B-8A2F-4600-837A-3B2731A4A5EF}.Release|x86.ActiveCfg = Release|Any CPU
		{93BA719B-8A2F-4600-837A-3B2731A4A5EF}.Release|x86.Build.0 = Release|Any CPU
	EndGlobalSection
	GlobalSection(SolutionProperties) = preSolution
		HideSolutionNode = FALSE
	EndGlobalSection
	GlobalSection(ExtensibilityGlobals) = postSolution
		SolutionGuid = {607F03D5-1D34-45CA-84EC-316B871F6634}
	EndGlobalSection
EndGlobal
